// !$*UTF8*$!
{
	archiveVersion = 1;
	classes = {
	};
	objectVersion = 56;
	objects = {

/* Begin PBXBuildFile section */
		56CBE4C22D764CFF0086D111 /* nurse_appApp.swift in Sources */ = {isa = PBXBuildFile; fileRef = 56CBE4C12D764CFF0086D111 /* nurse_appApp.swift */; };
		56CBE4C42D764CFF0086D111 /* ContentView.swift in Sources */ = {isa = PBXBuildFile; fileRef = 56CBE4C32D764CFF0086D111 /* ContentView.swift */; };
		56CBE4C62D764D010086D111 /* Assets.xcassets in Resources */ = {isa = PBXBuildFile; fileRef = 56CBE4C52D764D010086D111 /* Assets.xcassets */; };
		56CBE4C92D764D010086D111 /* Preview Assets.xcassets in Resources */ = {isa = PBXBuildFile; fileRef = 56CBE4C82D764D010086D111 /* Preview Assets.xcassets */; };
		56CBE4D32D764D010086D111 /* nurse_appTests.swift in Sources */ = {isa = PBXBuildFile; fileRef = 56CBE4D22D764D010086D111 /* nurse_appTests.swift */; };
		56CBE4DD2D764D020086D111 /* nurse_appUITests.swift in Sources */ = {isa = PBXBuildFile; fileRef = 56CBE4DC2D764D020086D111 /* nurse_appUITests.swift */; };
		56CBE4DF2D764D020086D111 /* nurse_appUITestsLaunchTests.swift in Sources */ = {isa = PBXBuildFile; fileRef = 56CBE4DE2D764D020086D111 /* nurse_appUITestsLaunchTests.swift */; };
/* End PBXBuildFile section */

/* Begin PBXContainerItemProxy section */
		56CBE4CF2D764D010086D111 /* PBXContainerItemProxy */ = {
			isa = PBXContainerItemProxy;
			containerPortal = 56CBE4B62D764CFF0086D111 /* Project object */;
			proxyType = 1;
			remoteGlobalIDString = 56CBE4BD2D764CFF0086D111;
			remoteInfo = "nurse-app";
		};
		56CBE4D92D764D020086D111 /* PBXContainerItemProxy */ = {
			isa = PBXContainerItemProxy;
			containerPortal = 56CBE4B62D764CFF0086D111 /* Project object */;
			proxyType = 1;
			remoteGlobalIDString = 56CBE4BD2D764CFF0086D111;
			remoteInfo = "nurse-app";
		};
/* End PBXContainerItemProxy section */

/* Begin PBXFileReference section */
		56CBE4BE2D764CFF0086D111 /* nurse-app.app */ = {isa = PBXFileReference; explicitFileType = wrapper.application; includeInIndex = 0; path = "nurse-app.app"; sourceTree = BUILT_PRODUCTS_DIR; };
		56CBE4C12D764CFF0086D111 /* nurse_appApp.swift */ = {isa = PBXFileReference; lastKnownFileType = sourcecode.swift; path = nurse_appApp.swift; sourceTree = "<group>"; };
		56CBE4C32D764CFF0086D111 /* ContentView.swift */ = {isa = PBXFileReference; lastKnownFileType = sourcecode.swift; path = ContentView.swift; sourceTree = "<group>"; };
		56CBE4C52D764D010086D111 /* Assets.xcassets */ = {isa = PBXFileReference; lastKnownFileType = folder.assetcatalog; path = Assets.xcassets; sourceTree = "<group>"; };
		56CBE4C82D764D010086D111 /* Preview Assets.xcassets */ = {isa = PBXFileReference; lastKnownFileType = folder.assetcatalog; path = "Preview Assets.xcassets"; sourceTree = "<group>"; };
		56CBE4CE2D764D010086D111 /* nurse-appTests.xctest */ = {isa = PBXFileReference; explicitFileType = wrapper.cfbundle; includeInIndex = 0; path = "nurse-appTests.xctest"; sourceTree = BUILT_PRODUCTS_DIR; };
		56CBE4D22D764D010086D111 /* nurse_appTests.swift */ = {isa = PBXFileReference; lastKnownFileType = sourcecode.swift; path = nurse_appTests.swift; sourceTree = "<group>"; };
		56CBE4D82D764D020086D111 /* nurse-appUITests.xctest */ = {isa = PBXFileReference; explicitFileType = wrapper.cfbundle; includeInIndex = 0; path = "nurse-appUITests.xctest"; sourceTree = BUILT_PRODUCTS_DIR; };
		56CBE4DC2D764D020086D111 /* nurse_appUITests.swift */ = {isa = PBXFileReference; lastKnownFileType = sourcecode.swift; path = nurse_appUITests.swift; sourceTree = "<group>"; };
		56CBE4DE2D764D020086D111 /* nurse_appUITestsLaunchTests.swift */ = {isa = PBXFileReference; lastKnownFileType = sourcecode.swift; path = nurse_appUITestsLaunchTests.swift; sourceTree = "<group>"; };
/* End PBXFileReference section */

/* Begin PBXFrameworksBuildPhase section */
		56CBE4BB2D764CFF0086D111 /* Frameworks */ = {
			isa = PBXFrameworksBuildPhase;
			buildActionMask = 2147483647;
			files = (
			);
			runOnlyForDeploymentPostprocessing = 0;
		};
		56CBE4CB2D764D010086D111 /* Frameworks */ = {
			isa = PBXFrameworksBuildPhase;
			buildActionMask = 2147483647;
			files = (
			);
			runOnlyForDeploymentPostprocessing = 0;
		};
		56CBE4D52D764D020086D111 /* Frameworks */ = {
			isa = PBXFrameworksBuildPhase;
			buildActionMask = 2147483647;
			files = (
			);
			runOnlyForDeploymentPostprocessing = 0;
		};
/* End PBXFrameworksBuildPhase section */

/* Begin PBXGroup section */
		56CBE4B52D764CFF0086D111 = {
			isa = PBXGroup;
			children = (
				56CBE4C02D764CFF0086D111 /* nurse-app */,
				56CBE4D12D764D010086D111 /* nurse-appTests */,
				56CBE4DB2D764D020086D111 /* nurse-appUITests */,
				56CBE4BF2D764CFF0086D111 /* Products */,
			);
			sourceTree = "<group>";
		};
		56CBE4BF2D764CFF0086D111 /* Products */ = {
			isa = PBXGroup;
			children = (
				56CBE4BE2D764CFF0086D111 /* nurse-app.app */,
				56CBE4CE2D764D010086D111 /* nurse-appTests.xctest */,
				56CBE4D82D764D020086D111 /* nurse-appUITests.xctest */,
			);
			name = Products;
			sourceTree = "<group>";
		};
		56CBE4C02D764CFF0086D111 /* nurse-app */ = {
			isa = PBXGroup;
			children = (
				56CBE4C12D764CFF0086D111 /* nurse_appApp.swift */,
				56CBE4C32D764CFF0086D111 /* ContentView.swift */,
				56CBE4C52D764D010086D111 /* Assets.xcassets */,
				56CBE4C72D764D010086D111 /* Preview Content */,
			);
			path = "nurse-app";
			sourceTree = "<group>";
		};
		56CBE4C72D764D010086D111 /* Preview Content */ = {
			isa = PBXGroup;
			children = (
				56CBE4C82D764D010086D111 /* Preview Assets.xcassets */,
			);
			path = "Preview Content";
			sourceTree = "<group>";
		};
		56CBE4D12D764D010086D111 /* nurse-appTests */ = {
			isa = PBXGroup;
			children = (
				56CBE4D22D764D010086D111 /* nurse_appTests.swift */,
			);
			path = "nurse-appTests";
			sourceTree = "<group>";
		};
		56CBE4DB2D764D020086D111 /* nurse-appUITests */ = {
			isa = PBXGroup;
			children = (
				56CBE4DC2D764D020086D111 /* nurse_appUITests.swift */,
				56CBE4DE2D764D020086D111 /* nurse_appUITestsLaunchTests.swift */,
			);
			path = "nurse-appUITests";
			sourceTree = "<group>";
		};
/* End PBXGroup section */

/* Begin PBXNativeTarget section */
		56CBE4BD2D764CFF0086D111 /* nurse-app */ = {
			isa = PBXNativeTarget;
			buildConfigurationList = 56CBE4E22D764D020086D111 /* Build configuration list for PBXNativeTarget "nurse-app" */;
			buildPhases = (
				56CBE4BA2D764CFF0086D111 /* Sources */,
				56CBE4BB2D764CFF0086D111 /* Frameworks */,
				56CBE4BC2D764CFF0086D111 /* Resources */,
			);
			buildRules = (
			);
			dependencies = (
			);
			name = "nurse-app";
			productName = "nurse-app";
			productReference = 56CBE4BE2D764CFF0086D111 /* nurse-app.app */;
			productType = "com.apple.product-type.application";
		};
		56CBE4CD2D764D010086D111 /* nurse-appTests */ = {
			isa = PBXNativeTarget;
			buildConfigurationList = 56CBE4E52D764D020086D111 /* Build configuration list for PBXNativeTarget "nurse-appTests" */;
			buildPhases = (
				56CBE4CA2D764D010086D111 /* Sources */,
				56CBE4CB2D764D010086D111 /* Frameworks */,
				56CBE4CC2D764D010086D111 /* Resources */,
			);
			buildRules = (
			);
			dependencies = (
				56CBE4D02D764D010086D111 /* PBXTargetDependency */,
			);
			name = "nurse-appTests";
			productName = "nurse-appTests";
			productReference = 56CBE4CE2D764D010086D111 /* nurse-appTests.xctest */;
			productType = "com.apple.product-type.bundle.unit-test";
		};
		56CBE4D72D764D020086D111 /* nurse-appUITests */ = {
			isa = PBXNativeTarget;
			buildConfigurationList = 56CBE4E82D764D020086D111 /* Build configuration list for PBXNativeTarget "nurse-appUITests" */;
			buildPhases = (
				56CBE4D42D764D020086D111 /* Sources */,
				56CBE4D52D764D020086D111 /* Frameworks */,
				56CBE4D62D764D020086D111 /* Resources */,
			);
			buildRules = (
			);
			dependencies = (
				56CBE4DA2D764D020086D111 /* PBXTargetDependency */,
			);
			name = "nurse-appUITests";
			productName = "nurse-appUITests";
			productReference = 56CBE4D82D764D020086D111 /* nurse-appUITests.xctest */;
			productType = "com.apple.product-type.bundle.ui-testing";
		};
/* End PBXNativeTarget section */

/* Begin PBXProject section */
		56CBE4B62D764CFF0086D111 /* Project object */ = {
			isa = PBXProject;
			attributes = {
				BuildIndependentTargetsInParallel = 1;
				LastSwiftUpdateCheck = 1520;
				LastUpgradeCheck = 1520;
				TargetAttributes = {
					56CBE4BD2D764CFF0086D111 = {
						CreatedOnToolsVersion = 15.2;
					};
					56CBE4CD2D764D010086D111 = {
						CreatedOnToolsVersion = 15.2;
						TestTargetID = 56CBE4BD2D764CFF0086D111;
					};
					56CBE4D72D764D020086D111 = {
						CreatedOnToolsVersion = 15.2;
						TestTargetID = 56CBE4BD2D764CFF0086D111;
					};
				};
			};
			buildConfigurationList = 56CBE4B92D764CFF0086D111 /* Build configuration list for PBXProject "nurse-app" */;
			compatibilityVersion = "Xcode 14.0";
			developmentRegion = en;
			hasScannedForEncodings = 0;
			knownRegions = (
				en,
				Base,
			);
			mainGroup = 56CBE4B52D764CFF0086D111;
			productRefGroup = 56CBE4BF2D764CFF0086D111 /* Products */;
			projectDirPath = "";
			projectRoot = "";
			targets = (
				56CBE4BD2D764CFF0086D111 /* nurse-app */,
				56CBE4CD2D764D010086D111 /* nurse-appTests */,
				56CBE4D72D764D020086D111 /* nurse-appUITests */,
			);
		};
/* End PBXProject section */

/* Begin PBXResourcesBuildPhase section */
		56CBE4BC2D764CFF0086D111 /* Resources */ = {
			isa = PBXResourcesBuildPhase;
			buildActionMask = 2147483647;
			files = (
				56CBE4C92D764D010086D111 /* Preview Assets.xcassets in Resources */,
				56CBE4C62D764D010086D111 /* Assets.xcassets in Resources */,
			);
			runOnlyForDeploymentPostprocessing = 0;
		};
		56CBE4CC2D764D010086D111 /* Resources */ = {
			isa = PBXResourcesBuildPhase;
			buildActionMask = 2147483647;
			files = (
			);
			runOnlyForDeploymentPostprocessing = 0;
		};
		56CBE4D62D764D020086D111 /* Resources */ = {
			isa = PBXResourcesBuildPhase;
			buildActionMask = 2147483647;
			files = (
			);
			runOnlyForDeploymentPostprocessing = 0;
		};
/* End PBXResourcesBuildPhase section */

/* Begin PBXSourcesBuildPhase section */
		56CBE4BA2D764CFF0086D111 /* Sources */ = {
			isa = PBXSourcesBuildPhase;
			buildActionMask = 2147483647;
			files = (
				56CBE4C42D764CFF0086D111 /* ContentView.swift in Sources */,
				56CBE4C22D764CFF0086D111 /* nurse_appApp.swift in Sources */,
			);
			runOnlyForDeploymentPostprocessing = 0;
		};
		56CBE4CA2D764D010086D111 /* Sources */ = {
			isa = PBXSourcesBuildPhase;
			buildActionMask = 2147483647;
			files = (
				56CBE4D32D764D010086D111 /* nurse_appTests.swift in Sources */,
			);
			runOnlyForDeploymentPostprocessing = 0;
		};
		56CBE4D42D764D020086D111 /* Sources */ = {
			isa = PBXSourcesBuildPhase;
			buildActionMask = 2147483647;
			files = (
				56CBE4DF2D764D020086D111 /* nurse_appUITestsLaunchTests.swift in Sources */,
				56CBE4DD2D764D020086D111 /* nurse_appUITests.swift in Sources */,
			);
			runOnlyForDeploymentPostprocessing = 0;
		};
/* End PBXSourcesBuildPhase section */

/* Begin PBXTargetDependency section */
		56CBE4D02D764D010086D111 /* PBXTargetDependency */ = {
			isa = PBXTargetDependency;
			target = 56CBE4BD2D764CFF0086D111 /* nurse-app */;
			targetProxy = 56CBE4CF2D764D010086D111 /* PBXContainerItemProxy */;
		};
		56CBE4DA2D764D020086D111 /* PBXTargetDependency */ = {
			isa = PBXTargetDependency;
			target = 56CBE4BD2D764CFF0086D111 /* nurse-app */;
			targetProxy = 56CBE4D92D764D020086D111 /* PBXContainerItemProxy */;
		};
/* End PBXTargetDependency section */

/* Begin XCBuildConfiguration section */
		56CBE4E02D764D020086D111 /* Debug */ = {
			isa = XCBuildConfiguration;
			buildSettings = {
				ALWAYS_SEARCH_USER_PATHS = NO;
				ASSETCATALOG_COMPILER_GENERATE_SWIFT_ASSET_SYMBOL_EXTENSIONS = YES;
				CLANG_ANALYZER_NONNULL = YES;
				CLANG_ANALYZER_NUMBER_OBJECT_CONVERSION = YES_AGGRESSIVE;
				CLANG_CXX_LANGUAGE_STANDARD = "gnu++20";
				CLANG_ENABLE_MODULES = YES;
				CLANG_ENABLE_OBJC_ARC = YES;
				CLANG_ENABLE_OBJC_WEAK = YES;
				CLANG_WARN_BLOCK_CAPTURE_AUTORELEASING = YES;
				CLANG_WARN_BOOL_CONVERSION = YES;
				CLANG_WARN_COMMA = YES;
				CLANG_WARN_CONSTANT_CONVERSION = YES;
				CLANG_WARN_DEPRECATED_OBJC_IMPLEMENTATIONS = YES;
				CLANG_WARN_DIRECT_OBJC_ISA_USAGE = YES_ERROR;
				CLANG_WARN_DOCUMENTATION_COMMENTS = YES;
				CLANG_WARN_EMPTY_BODY = YES;
				CLANG_WARN_ENUM_CONVERSION = YES;
				CLANG_WARN_INFINITE_RECURSION = YES;
				CLANG_WARN_INT_CONVERSION = YES;
				CLANG_WARN_NON_LITERAL_NULL_CONVERSION = YES;
				CLANG_WARN_OBJC_IMPLICIT_RETAIN_SELF = YES;
				CLANG_WARN_OBJC_LITERAL_CONVERSION = YES;
				CLANG_WARN_OBJC_ROOT_CLASS = YES_ERROR;
				CLANG_WARN_QUOTED_INCLUDE_IN_FRAMEWORK_HEADER = YES;
				CLANG_WARN_RANGE_LOOP_ANALYSIS = YES;
				CLANG_WARN_STRICT_PROTOTYPES = YES;
				CLANG_WARN_SUSPICIOUS_MOVE = YES;
				CLANG_WARN_UNGUARDED_AVAILABILITY = YES_AGGRESSIVE;
				CLANG_WARN_UNREACHABLE_CODE = YES;
				CLANG_WARN__DUPLICATE_METHOD_MATCH = YES;
				COPY_PHASE_STRIP = NO;
				DEBUG_INFORMATION_FORMAT = dwarf;
				ENABLE_STRICT_OBJC_MSGSEND = YES;
				ENABLE_TESTABILITY = YES;
				ENABLE_USER_SCRIPT_SANDBOXING = YES;
				GCC_C_LANGUAGE_STANDARD = gnu17;
				GCC_DYNAMIC_NO_PIC = NO;
				GCC_NO_COMMON_BLOCKS = YES;
				GCC_OPTIMIZATION_LEVEL = 0;
				GCC_PREPROCESSOR_DEFINITIONS = (
					"DEBUG=1",
					"$(inherited)",
				);
				GCC_WARN_64_TO_32_BIT_CONVERSION = YES;
				GCC_WARN_ABOUT_RETURN_TYPE = YES_ERROR;
				GCC_WARN_UNDECLARED_SELECTOR = YES;
				GCC_WARN_UNINITIALIZED_AUTOS = YES_AGGRESSIVE;
				GCC_WARN_UNUSED_FUNCTION = YES;
				GCC_WARN_UNUSED_VARIABLE = YES;
				IPHONEOS_DEPLOYMENT_TARGET = 17.2;
				LOCALIZATION_PREFERS_STRING_CATALOGS = YES;
				MTL_ENABLE_DEBUG_INFO = INCLUDE_SOURCE;
				MTL_FAST_MATH = YES;
				ONLY_ACTIVE_ARCH = YES;
				SDKROOT = iphoneos;
				SWIFT_ACTIVE_COMPILATION_CONDITIONS = "DEBUG $(inherited)";
				SWIFT_OPTIMIZATION_LEVEL = "-Onone";
			};
			name = Debug;
		};
		56CBE4E12D764D020086D111 /* Release */ = {
			isa = XCBuildConfiguration;
			buildSettings = {
				ALWAYS_SEARCH_USER_PATHS = NO;
				ASSETCATALOG_COMPILER_GENERATE_SWIFT_ASSET_SYMBOL_EXTENSIONS = YES;
				CLANG_ANALYZER_NONNULL = YES;
				CLANG_ANALYZER_NUMBER_OBJECT_CONVERSION = YES_AGGRESSIVE;
				CLANG_CXX_LANGUAGE_STANDARD = "gnu++20";
				CLANG_ENABLE_MODULES = YES;
				CLANG_ENABLE_OBJC_ARC = YES;
				CLANG_ENABLE_OBJC_WEAK = YES;
				CLANG_WARN_BLOCK_CAPTURE_AUTORELEASING = YES;
				CLANG_WARN_BOOL_CONVERSION = YES;
				CLANG_WARN_COMMA = YES;
				CLANG_WARN_CONSTANT_CONVERSION = YES;
				CLANG_WARN_DEPRECATED_OBJC_IMPLEMENTATIONS = YES;
				CLANG_WARN_DIRECT_OBJC_ISA_USAGE = YES_ERROR;
				CLANG_WARN_DOCUMENTATION_COMMENTS = YES;
				CLANG_WARN_EMPTY_BODY = YES;
				CLANG_WARN_ENUM_CONVERSION = YES;
				CLANG_WARN_INFINITE_RECURSION = YES;
				CLANG_WARN_INT_CONVERSION = YES;
				CLANG_WARN_NON_LITERAL_NULL_CONVERSION = YES;
				CLANG_WARN_OBJC_IMPLICIT_RETAIN_SELF = YES;
				CLANG_WARN_OBJC_LITERAL_CONVERSION = YES;
				CLANG_WARN_OBJC_ROOT_CLASS = YES_ERROR;
				CLANG_WARN_QUOTED_INCLUDE_IN_FRAMEWORK_HEADER = YES;
				CLANG_WARN_RANGE_LOOP_ANALYSIS = YES;
				CLANG_WARN_STRICT_PROTOTYPES = YES;
				CLANG_WARN_SUSPICIOUS_MOVE = YES;
				CLANG_WARN_UNGUARDED_AVAILABILITY = YES_AGGRESSIVE;
				CLANG_WARN_UNREACHABLE_CODE = YES;
				CLANG_WARN__DUPLICATE_METHOD_MATCH = YES;
				COPY_PHASE_STRIP = NO;
				DEBUG_INFORMATION_FORMAT = "dwarf-with-dsym";
				ENABLE_NS_ASSERTIONS = NO;
				ENABLE_STRICT_OBJC_MSGSEND = YES;
				ENABLE_USER_SCRIPT_SANDBOXING = YES;
				GCC_C_LANGUAGE_STANDARD = gnu17;
				GCC_NO_COMMON_BLOCKS = YES;
				GCC_WARN_64_TO_32_BIT_CONVERSION = YES;
				GCC_WARN_ABOUT_RETURN_TYPE = YES_ERROR;
				GCC_WARN_UNDECLARED_SELECTOR = YES;
				GCC_WARN_UNINITIALIZED_AUTOS = YES_AGGRESSIVE;
				GCC_WARN_UNUSED_FUNCTION = YES;
				GCC_WARN_UNUSED_VARIABLE = YES;
				IPHONEOS_DEPLOYMENT_TARGET = 17.2;
				LOCALIZATION_PREFERS_STRING_CATALOGS = YES;
				MTL_ENABLE_DEBUG_INFO = NO;
				MTL_FAST_MATH = YES;
				SDKROOT = iphoneos;
				SWIFT_COMPILATION_MODE = wholemodule;
				VALIDATE_PRODUCT = YES;
			};
			name = Release;
		};
		56CBE4E32D764D020086D111 /* Debug */ = {
			isa = XCBuildConfiguration;
			buildSettings = {
				ASSETCATALOG_COMPILER_APPICON_NAME = AppIcon;
				ASSETCATALOG_COMPILER_GLOBAL_ACCENT_COLOR_NAME = AccentColor;
				CODE_SIGN_STYLE = Automatic;
				CURRENT_PROJECT_VERSION = 1;
				DEVELOPMENT_ASSET_PATHS = "\"nurse-app/Preview Content\"";
				ENABLE_PREVIEWS = YES;
				GENERATE_INFOPLIST_FILE = YES;
				INFOPLIST_KEY_UIApplicationSceneManifest_Generation = YES;
				INFOPLIST_KEY_UIApplicationSupportsIndirectInputEvents = YES;
				INFOPLIST_KEY_UILaunchScreen_Generation = YES;
				INFOPLIST_KEY_UISupportedInterfaceOrientations_iPad = "UIInterfaceOrientationPortrait UIInterfaceOrientationPortraitUpsideDown UIInterfaceOrientationLandscapeLeft UIInterfaceOrientationLandscapeRight";
				INFOPLIST_KEY_UISupportedInterfaceOrientations_iPhone = "UIInterfaceOrientationPortrait UIInterfaceOrientationLandscapeLeft UIInterfaceOrientationLandscapeRight";
				LD_RUNPATH_SEARCH_PATHS = (
					"$(inherited)",
					"@executable_path/Frameworks",
				);
				MARKETING_VERSION = 1.0;
				PRODUCT_BUNDLE_IDENTIFIER = "edu.psu.dsc5504.nurse-app";
				PRODUCT_NAME = "$(TARGET_NAME)";
				SWIFT_EMIT_LOC_STRINGS = YES;
				SWIFT_VERSION = 5.0;
				TARGETED_DEVICE_FAMILY = "1,2";
			};
			name = Debug;
		};
		56CBE4E42D764D020086D111 /* Release */ = {
			isa = XCBuildConfiguration;
			buildSettings = {
				ASSETCATALOG_COMPILER_APPICON_NAME = AppIcon;
				ASSETCATALOG_COMPILER_GLOBAL_ACCENT_COLOR_NAME = AccentColor;
				CODE_SIGN_STYLE = Automatic;
				CURRENT_PROJECT_VERSION = 1;
				DEVELOPMENT_ASSET_PATHS = "\"nurse-app/Preview Content\"";
				ENABLE_PREVIEWS = YES;
				GENERATE_INFOPLIST_FILE = YES;
				INFOPLIST_KEY_UIApplicationSceneManifest_Generation = YES;
				INFOPLIST_KEY_UIApplicationSupportsIndirectInputEvents = YES;
				INFOPLIST_KEY_UILaunchScreen_Generation = YES;
				INFOPLIST_KEY_UISupportedInterfaceOrientations_iPad = "UIInterfaceOrientationPortrait UIInterfaceOrientationPortraitUpsideDown UIInterfaceOrientationLandscapeLeft UIInterfaceOrientationLandscapeRight";
				INFOPLIST_KEY_UISupportedInterfaceOrientations_iPhone = "UIInterfaceOrientationPortrait UIInterfaceOrientationLandscapeLeft UIInterfaceOrientationLandscapeRight";
				LD_RUNPATH_SEARCH_PATHS = (
					"$(inherited)",
					"@executable_path/Frameworks",
				);
				MARKETING_VERSION = 1.0;
				PRODUCT_BUNDLE_IDENTIFIER = "edu.psu.dsc5504.nurse-app";
				PRODUCT_NAME = "$(TARGET_NAME)";
				SWIFT_EMIT_LOC_STRINGS = YES;
				SWIFT_VERSION = 5.0;
				TARGETED_DEVICE_FAMILY = "1,2";
			};
			name = Release;
		};
		56CBE4E62D764D020086D111 /* Debug */ = {
			isa = XCBuildConfiguration;
			buildSettings = {
				ALWAYS_EMBED_SWIFT_STANDARD_LIBRARIES = YES;
				BUNDLE_LOADER = "$(TEST_HOST)";
				CODE_SIGN_STYLE = Automatic;
				CURRENT_PROJECT_VERSION = 1;
				GENERATE_INFOPLIST_FILE = YES;
				IPHONEOS_DEPLOYMENT_TARGET = 17.2;
				MARKETING_VERSION = 1.0;
				PRODUCT_BUNDLE_IDENTIFIER = "edu.psu.dsc5504.nurse-appTests";
				PRODUCT_NAME = "$(TARGET_NAME)";
				SWIFT_EMIT_LOC_STRINGS = NO;
				SWIFT_VERSION = 5.0;
				TARGETED_DEVICE_FAMILY = "1,2";
				TEST_HOST = "$(BUILT_PRODUCTS_DIR)/nurse-app.app/$(BUNDLE_EXECUTABLE_FOLDER_PATH)/nurse-app";
			};
			name = Debug;
		};
		56CBE4E72D764D020086D111 /* Release */ = {
			isa = XCBuildConfiguration;
			buildSettings = {
				ALWAYS_EMBED_SWIFT_STANDARD_LIBRARIES = YES;
				BUNDLE_LOADER = "$(TEST_HOST)";
				CODE_SIGN_STYLE = Automatic;
				CURRENT_PROJECT_VERSION = 1;
				GENERATE_INFOPLIST_FILE = YES;
				IPHONEOS_DEPLOYMENT_TARGET = 17.2;
				MARKETING_VERSION = 1.0;
				PRODUCT_BUNDLE_IDENTIFIER = "edu.psu.dsc5504.nurse-appTests";
				PRODUCT_NAME = "$(TARGET_NAME)";
				SWIFT_EMIT_LOC_STRINGS = NO;
				SWIFT_VERSION = 5.0;
				TARGETED_DEVICE_FAMILY = "1,2";
				TEST_HOST = "$(BUILT_PRODUCTS_DIR)/nurse-app.app/$(BUNDLE_EXECUTABLE_FOLDER_PATH)/nurse-app";
			};
			name = Release;
		};
		56CBE4E92D764D020086D111 /* Debug */ = {
			isa = XCBuildConfiguration;
			buildSettings = {
				ALWAYS_EMBED_SWIFT_STANDARD_LIBRARIES = YES;
				CODE_SIGN_STYLE = Automatic;
				CURRENT_PROJECT_VERSION = 1;
				GENERATE_INFOPLIST_FILE = YES;
				MARKETING_VERSION = 1.0;
				PRODUCT_BUNDLE_IDENTIFIER = "edu.psu.dsc5504.nurse-appUITests";
				PRODUCT_NAME = "$(TARGET_NAME)";
				SWIFT_EMIT_LOC_STRINGS = NO;
				SWIFT_VERSION = 5.0;
				TARGETED_DEVICE_FAMILY = "1,2";
				TEST_TARGET_NAME = "nurse-app";
			};
			name = Debug;
		};
		56CBE4EA2D764D020086D111 /* Release */ = {
			isa = XCBuildConfiguration;
			buildSettings = {
				ALWAYS_EMBED_SWIFT_STANDARD_LIBRARIES = YES;
				CODE_SIGN_STYLE = Automatic;
				CURRENT_PROJECT_VERSION = 1;
				GENERATE_INFOPLIST_FILE = YES;
				MARKETING_VERSION = 1.0;
				PRODUCT_BUNDLE_IDENTIFIER = "edu.psu.dsc5504.nurse-appUITests";
				PRODUCT_NAME = "$(TARGET_NAME)";
				SWIFT_EMIT_LOC_STRINGS = NO;
				SWIFT_VERSION = 5.0;
				TARGETED_DEVICE_FAMILY = "1,2";
				TEST_TARGET_NAME = "nurse-app";
			};
			name = Release;
		};
/* End XCBuildConfiguration section */

/* Begin XCConfigurationList section */
		56CBE4B92D764CFF0086D111 /* Build configuration list for PBXProject "nurse-app" */ = {
			isa = XCConfigurationList;
			buildConfigurations = (
				56CBE4E02D764D020086D111 /* Debug */,
				56CBE4E12D764D020086D111 /* Release */,
			);
			defaultConfigurationIsVisible = 0;
			defaultConfigurationName = Release;
		};
		56CBE4E22D764D020086D111 /* Build configuration list for PBXNativeTarget "nurse-app" */ = {
			isa = XCConfigurationList;
			buildConfigurations = (
				56CBE4E32D764D020086D111 /* Debug */,
				56CBE4E42D764D020086D111 /* Release */,
			);
			defaultConfigurationIsVisible = 0;
			defaultConfigurationName = Release;
		};
		56CBE4E52D764D020086D111 /* Build configuration list for PBXNativeTarget "nurse-appTests" */ = {
			isa = XCConfigurationList;
			buildConfigurations = (
				56CBE4E62D764D020086D111 /* Debug */,
				56CBE4E72D764D020086D111 /* Release */,
			);
			defaultConfigurationIsVisible = 0;
			defaultConfigurationName = Release;
		};
		56CBE4E82D764D020086D111 /* Build configuration list for PBXNativeTarget "nurse-appUITests" */ = {
			isa = XCConfigurationList;
			buildConfigurations = (
				56CBE4E92D764D020086D111 /* Debug */,
				56CBE4EA2D764D020086D111 /* Release */,
			);
			defaultConfigurationIsVisible = 0;
			defaultConfigurationName = Release;
		};
/* End XCConfigurationList section */
	};
	rootObject = 56CBE4B62D764CFF0086D111 /* Project object */;
}
